
Microsoft Visual Studio Solution File, Format Version 12.00
# Visual Studio 15
VisualStudioVersion = 15.0.27004.2008
MinimumVisualStudioVersion = 10.0.40219.1
Project("{FAE04EC0-301F-11D3-BF4B-00C04F79EFBC}") = "BadCardGame.Services", "BadCardGame.Services\BadCardGame.Services.csproj", "{E5AE80E8-3FF2-43FE-A9B4-5E568D01620A}"
EndProject
Project("{FAE04EC0-301F-11D3-BF4B-00C04F79EFBC}") = "BadCardGame.Types", "BadCardGame.Types\BadCardGame.Types.csproj", "{A3AB0D6D-93A8-4298-A63A-D320705DB824}"
EndProject
Project("{FAE04EC0-301F-11D3-BF4B-00C04F79EFBC}") = "BadCardGame.Web", "BadCardGame.Web\BadCardGame.Web.csproj", "{2C4A89EB-2D1F-4ABA-A8E7-A0302BCFE0F3}"
EndProject
Global
	GlobalSection(SolutionConfigurationPlatforms) = preSolution
		Debug|Any CPU = Debug|Any CPU
		Release|Any CPU = Release|Any CPU
	EndGlobalSection
	GlobalSection(ProjectConfigurationPlatforms) = postSolution
		{E5AE80E8-3FF2-43FE-A9B4-5E568D01620A}.Debug|Any CPU.ActiveCfg = Debug|Any CPU
		{E5AE80E8-3FF2-43FE-A9B4-5E568D01620A}.Debug|Any CPU.Build.0 = Debug|Any CPU
		{E5AE80E8-3FF2-43FE-A9B4-5E568D01620A}.Release|Any CPU.ActiveCfg = Release|Any CPU
		{E5AE80E8-3FF2-43FE-A9B4-5E568D01620A}.Release|Any CPU.Build.0 = Release|Any CPU
		{A3AB0D6D-93A8-4298-A63A-D320705DB824}.Debug|Any CPU.ActiveCfg = Debug|Any CPU
		{A3AB0D6D-93A8-4298-A63A-D320705DB824}.Debug|Any CPU.Build.0 = Debug|Any CPU
		{A3AB0D6D-93A8-4298-A63A-D320705DB824}.Release|Any CPU.ActiveCfg = Release|Any CPU
		{A3AB0D6D-93A8-4298-A63A-D320705DB824}.Release|Any CPU.Build.0 = Release|Any CPU
		{2C4A89EB-2D1F-4ABA-A8E7-A0302BCFE0F3}.Debug|Any CPU.ActiveCfg = Debug|Any CPU
		{2C4A89EB-2D1F-4ABA-A8E7-A0302BCFE0F3}.Debug|Any CPU.Build.0 = Debug|Any CPU
		{2C4A89EB-2D1F-4ABA-A8E7-A0302BCFE0F3}.Release|Any CPU.ActiveCfg = Release|Any CPU
		{2C4A89EB-2D1F-4ABA-A8E7-A0302BCFE0F3}.Release|Any CPU.Build.0 = Release|Any CPU
	EndGlobalSection
	GlobalSection(SolutionProperties) = preSolution
		HideSolutionNode = FALSE
	EndGlobalSection
	GlobalSection(ExtensibilityGlobals) = postSolution
		SolutionGuid = {F0BE5615-42A1-4F58-9F86-865776AF8346}
	EndGlobalSection
EndGlobal
